
Microsoft Visual Studio Solution File, Format Version 10.00
# Visual Studio 2008
Project("{8BC9CEB8-8B4A-11D0-8D11-00A0C91BC942}") = "PasswordManager2", "PasswordManager2\PasswordManager2.vcproj", "{49386796-F16C-48BE-A5DB-752D722D433C}"
EndProject
Global
	GlobalSection(SolutionConfigurationPlatforms) = preSolution
		Debug|Win32 = Debug|Win32
		Release|Win32 = Release|Win32
	EndGlobalSection
	GlobalSection(ProjectConfigurationPlatforms) = postSolution
		{49386796-F16C-48BE-A5DB-752D722D433C}.Debug|Win32.ActiveCfg = Debug|Win32
		{49386796-F16C-48BE-A5DB-752D722D433C}.Debug|Win32.Build.0 = Debug|Win32
		{49386796-F16C-48BE-A5DB-752D722D433C}.Release|Win32.ActiveCfg = Release|Win32
		{49386796-F16C-48BE-A5DB-752D722D433C}.Release|Win32.Build.0 = Release|Win32
	EndGlobalSection
	GlobalSection(SolutionProperties) = preSolution
		HideSolutionNode = FALSE
	EndGlobalSection
EndGlobal
